// !$*UTF8*$!
{
	archiveVersion = 1;
	classes = {
	};
	objectVersion = 46;
	objects = {

/* Begin PBXBuildFile section */
		4E3960151DED0D6200B7267E /* FMDatabase.m in Sources */ = {isa = PBXBuildFile; fileRef = 4E39600B1DED0D6200B7267E /* FMDatabase.m */; };
		4E3960161DED0D6200B7267E /* FMDatabaseAdditions.m in Sources */ = {isa = PBXBuildFile; fileRef = 4E39600D1DED0D6200B7267E /* FMDatabaseAdditions.m */; };
		4E3960171DED0D6200B7267E /* FMDatabasePool.m in Sources */ = {isa = PBXBuildFile; fileRef = 4E39600F1DED0D6200B7267E /* FMDatabasePool.m */; };
		4E3960181DED0D6200B7267E /* FMDatabaseQueue.m in Sources */ = {isa = PBXBuildFile; fileRef = 4E3960111DED0D6200B7267E /* FMDatabaseQueue.m */; };
		4E3960191DED0D6200B7267E /* FMResultSet.m in Sources */ = {isa = PBXBuildFile; fileRef = 4E3960141DED0D6200B7267E /* FMResultSet.m */; };
		4E39601E1DED11E300B7267E /* libsqlite3.tbd in Frameworks */ = {isa = PBXBuildFile; fileRef = 4E39601D1DED11E300B7267E /* libsqlite3.tbd */; };
		4E3960211DED148400B7267E /* DataBase.m in Sources */ = {isa = PBXBuildFile; fileRef = 4E3960201DED148400B7267E /* DataBase.m */; };
		4E3960251DED18D700B7267E /* CompanyModel.m in Sources */ = {isa = PBXBuildFile; fileRef = 4E3960241DED18D700B7267E /* CompanyModel.m */; };
		4E3960281DED193C00B7267E /* GNModel.m in Sources */ = {isa = PBXBuildFile; fileRef = 4E3960271DED193C00B7267E /* GNModel.m */; };
		4E39602B1DED195A00B7267E /* XQModel.m in Sources */ = {isa = PBXBuildFile; fileRef = 4E39602A1DED195A00B7267E /* XQModel.m */; };
		4E7B26811DE53F9200C9B130 /* main.m in Sources */ = {isa = PBXBuildFile; fileRef = 4E7B26801DE53F9200C9B130 /* main.m */; };
		4E7B26841DE53F9200C9B130 /* AppDelegate.m in Sources */ = {isa = PBXBuildFile; fileRef = 4E7B26831DE53F9200C9B130 /* AppDelegate.m */; };
		4E7B268A1DE53F9200C9B130 /* Main.storyboard in Resources */ = {isa = PBXBuildFile; fileRef = 4E7B26881DE53F9200C9B130 /* Main.storyboard */; };
		4E7B268C1DE53F9200C9B130 /* Assets.xcassets in Resources */ = {isa = PBXBuildFile; fileRef = 4E7B268B1DE53F9200C9B130 /* Assets.xcassets */; };
		4E7B268F1DE53F9300C9B130 /* LaunchScreen.storyboard in Resources */ = {isa = PBXBuildFile; fileRef = 4E7B268D1DE53F9300C9B130 /* LaunchScreen.storyboard */; };
		4E7B269A1DE53F9300C9B130 /* IC____Tests.m in Sources */ = {isa = PBXBuildFile; fileRef = 4E7B26991DE53F9300C9B130 /* IC____Tests.m */; };
		4E7B26A51DE53F9300C9B130 /* IC____UITests.m in Sources */ = {isa = PBXBuildFile; fileRef = 4E7B26A41DE53F9300C9B130 /* IC____UITests.m */; };
		4E7B26B41DE5690C00C9B130 /* gsTableViewController.m in Sources */ = {isa = PBXBuildFile; fileRef = 4E7B26B31DE5690C00C9B130 /* gsTableViewController.m */; };
		4E7B26B71DE57A3E00C9B130 /* gnTableViewController.m in Sources */ = {isa = PBXBuildFile; fileRef = 4E7B26B61DE57A3E00C9B130 /* gnTableViewController.m */; };
		4E7B26BA1DE57A5A00C9B130 /* xqTableViewController.m in Sources */ = {isa = PBXBuildFile; fileRef = 4E7B26B91DE57A5A00C9B130 /* xqTableViewController.m */; };
		4E7B26BD1DE5956400C9B130 /* AddViewController.m in Sources */ = {isa = PBXBuildFile; fileRef = 4E7B26BC1DE5956400C9B130 /* AddViewController.m */; };
/* End PBXBuildFile section */

/* Begin PBXContainerItemProxy section */
		4E7B26961DE53F9300C9B130 /* PBXContainerItemProxy */ = {
			isa = PBXContainerItemProxy;
			containerPortal = 4E7B26741DE53F9200C9B130 /* Project object */;
			proxyType = 1;
			remoteGlobalIDString = 4E7B267B1DE53F9200C9B130;
			remoteInfo = "IC数据管理";
		};
		4E7B26A11DE53F9300C9B130 /* PBXContainerItemProxy */ = {
			isa = PBXContainerItemProxy;
			containerPortal = 4E7B26741DE53F9200C9B130 /* Project object */;
			proxyType = 1;
			remoteGlobalIDString = 4E7B267B1DE53F9200C9B130;
			remoteInfo = "IC数据管理";
		};
/* End PBXContainerItemProxy section */

/* Begin PBXFileReference section */
		4E1419E31DED763900AC33A3 /* PrefixHeader.pch */ = {isa = PBXFileReference; lastKnownFileType = sourcecode.c.h; path = PrefixHeader.pch; sourceTree = "<group>"; };
		4E39600A1DED0D6200B7267E /* FMDatabase.h */ = {isa = PBXFileReference; fileEncoding = 4; lastKnownFileType = sourcecode.c.h; name = FMDatabase.h; path = fmdb/FMDatabase.h; sourceTree = "<group>"; };
		4E39600B1DED0D6200B7267E /* FMDatabase.m */ = {isa = PBXFileReference; fileEncoding = 4; lastKnownFileType = sourcecode.c.objc; name = FMDatabase.m; path = fmdb/FMDatabase.m; sourceTree = "<group>"; };
		4E39600C1DED0D6200B7267E /* FMDatabaseAdditions.h */ = {isa = PBXFileReference; fileEncoding = 4; lastKnownFileType = sourcecode.c.h; name = FMDatabaseAdditions.h; path = fmdb/FMDatabaseAdditions.h; sourceTree = "<group>"; };
		4E39600D1DED0D6200B7267E /* FMDatabaseAdditions.m */ = {isa = PBXFileReference; fileEncoding = 4; lastKnownFileType = sourcecode.c.objc; name = FMDatabaseAdditions.m; path = fmdb/FMDatabaseAdditions.m; sourceTree = "<group>"; };
		4E39600E1DED0D6200B7267E /* FMDatabasePool.h */ = {isa = PBXFileReference; fileEncoding = 4; lastKnownFileType = sourcecode.c.h; name = FMDatabasePool.h; path = fmdb/FMDatabasePool.h; sourceTree = "<group>"; };
		4E39600F1DED0D6200B7267E /* FMDatabasePool.m */ = {isa = PBXFileReference; fileEncoding = 4; lastKnownFileType = sourcecode.c.objc; name = FMDatabasePool.m; path = fmdb/FMDatabasePool.m; sourceTree = "<group>"; };
		4E3960101DED0D6200B7267E /* FMDatabaseQueue.h */ = {isa = PBXFileReference; fileEncoding = 4; lastKnownFileType = sourcecode.c.h; name = FMDatabaseQueue.h; path = fmdb/FMDatabaseQueue.h; sourceTree = "<group>"; };
		4E3960111DED0D6200B7267E /* FMDatabaseQueue.m */ = {isa = PBXFileReference; fileEncoding = 4; lastKnownFileType = sourcecode.c.objc; name = FMDatabaseQueue.m; path = fmdb/FMDatabaseQueue.m; sourceTree = "<group>"; };
		4E3960121DED0D6200B7267E /* FMDB.h */ = {isa = PBXFileReference; fileEncoding = 4; lastKnownFileType = sourcecode.c.h; name = FMDB.h; path = fmdb/FMDB.h; sourceTree = "<group>"; };
		4E3960131DED0D6200B7267E /* FMResultSet.h */ = {isa = PBXFileReference; fileEncoding = 4; lastKnownFileType = sourcecode.c.h; name = FMResultSet.h; path = fmdb/FMResultSet.h; sourceTree = "<group>"; };
		4E3960141DED0D6200B7267E /* FMResultSet.m */ = {isa = PBXFileReference; fileEncoding = 4; lastKnownFileType = sourcecode.c.objc; name = FMResultSet.m; path = fmdb/FMResultSet.m; sourceTree = "<group>"; };
		4E39601B1DED11C400B7267E /* libsqlite3.0.tbd */ = {isa = PBXFileReference; lastKnownFileType = "sourcecode.text-based-dylib-definition"; name = libsqlite3.0.tbd; path = usr/lib/libsqlite3.0.tbd; sourceTree = SDKROOT; };
		4E39601D1DED11E300B7267E /* libsqlite3.tbd */ = {isa = PBXFileReference; lastKnownFileType = "sourcecode.text-based-dylib-definition"; name = libsqlite3.tbd; path = usr/lib/libsqlite3.tbd; sourceTree = SDKROOT; };
		4E39601F1DED148400B7267E /* DataBase.h */ = {isa = PBXFileReference; fileEncoding = 4; lastKnownFileType = sourcecode.c.h; path = DataBase.h; sourceTree = "<group>"; };
		4E3960201DED148400B7267E /* DataBase.m */ = {isa = PBXFileReference; fileEncoding = 4; lastKnownFileType = sourcecode.c.objc; path = DataBase.m; sourceTree = "<group>"; };
		4E3960231DED18D700B7267E /* CompanyModel.h */ = {isa = PBXFileReference; fileEncoding = 4; lastKnownFileType = sourcecode.c.h; path = CompanyModel.h; sourceTree = "<group>"; };
		4E3960241DED18D700B7267E /* CompanyModel.m */ = {isa = PBXFileReference; fileEncoding = 4; lastKnownFileType = sourcecode.c.objc; path = CompanyModel.m; sourceTree = "<group>"; };
		4E3960261DED193C00B7267E /* GNModel.h */ = {isa = PBXFileReference; fileEncoding = 4; lastKnownFileType = sourcecode.c.h; path = GNModel.h; sourceTree = "<group>"; };
		4E3960271DED193C00B7267E /* GNModel.m */ = {isa = PBXFileReference; fileEncoding = 4; lastKnownFileType = sourcecode.c.objc; path = GNModel.m; sourceTree = "<group>"; };
		4E3960291DED195A00B7267E /* XQModel.h */ = {isa = PBXFileReference; fileEncoding = 4; lastKnownFileType = sourcecode.c.h; path = XQModel.h; sourceTree = "<group>"; };
		4E39602A1DED195A00B7267E /* XQModel.m */ = {isa = PBXFileReference; fileEncoding = 4; lastKnownFileType = sourcecode.c.objc; path = XQModel.m; sourceTree = "<group>"; };
		4E7B267C1DE53F9200C9B130 /* IC数据管理.app */ = {isa = PBXFileReference; explicitFileType = wrapper.application; includeInIndex = 0; path = "IC数据管理.app"; sourceTree = BUILT_PRODUCTS_DIR; };
		4E7B26801DE53F9200C9B130 /* main.m */ = {isa = PBXFileReference; lastKnownFileType = sourcecode.c.objc; path = main.m; sourceTree = "<group>"; };
		4E7B26821DE53F9200C9B130 /* AppDelegate.h */ = {isa = PBXFileReference; lastKnownFileType = sourcecode.c.h; path = AppDelegate.h; sourceTree = "<group>"; };
		4E7B26831DE53F9200C9B130 /* AppDelegate.m */ = {isa = PBXFileReference; lastKnownFileType = sourcecode.c.objc; path = AppDelegate.m; sourceTree = "<group>"; };
		4E7B26891DE53F9200C9B130 /* Base */ = {isa = PBXFileReference; lastKnownFileType = file.storyboard; name = Base; path = Base.lproj/Main.storyboard; sourceTree = "<group>"; };
		4E7B268B1DE53F9200C9B130 /* Assets.xcassets */ = {isa = PBXFileReference; lastKnownFileType = folder.assetcatalog; path = Assets.xcassets; sourceTree = "<group>"; };
		4E7B268E1DE53F9300C9B130 /* Base */ = {isa = PBXFileReference; lastKnownFileType = file.storyboard; name = Base; path = Base.lproj/LaunchScreen.storyboard; sourceTree = "<group>"; };
		4E7B26901DE53F9300C9B130 /* Info.plist */ = {isa = PBXFileReference; lastKnownFileType = text.plist.xml; path = Info.plist; sourceTree = "<group>"; };
		4E7B26951DE53F9300C9B130 /* IC数据管理Tests.xctest */ = {isa = PBXFileReference; explicitFileType = wrapper.cfbundle; includeInIndex = 0; path = "IC数据管理Tests.xctest"; sourceTree = BUILT_PRODUCTS_DIR; };
		4E7B26991DE53F9300C9B130 /* IC____Tests.m */ = {isa = PBXFileReference; lastKnownFileType = sourcecode.c.objc; path = "IC____Tests.m"; sourceTree = "<group>"; };
		4E7B269B1DE53F9300C9B130 /* Info.plist */ = {isa = PBXFileReference; lastKnownFileType = text.plist.xml; path = Info.plist; sourceTree = "<group>"; };
		4E7B26A01DE53F9300C9B130 /* IC数据管理UITests.xctest */ = {isa = PBXFileReference; explicitFileType = wrapper.cfbundle; includeInIndex = 0; path = "IC数据管理UITests.xctest"; sourceTree = BUILT_PRODUCTS_DIR; };
		4E7B26A41DE53F9300C9B130 /* IC____UITests.m */ = {isa = PBXFileReference; lastKnownFileType = sourcecode.c.objc; path = "IC____UITests.m"; sourceTree = "<group>"; };
		4E7B26A61DE53F9300C9B130 /* Info.plist */ = {isa = PBXFileReference; lastKnownFileType = text.plist.xml; path = Info.plist; sourceTree = "<group>"; };
		4E7B26B21DE5690C00C9B130 /* gsTableViewController.h */ = {isa = PBXFileReference; fileEncoding = 4; lastKnownFileType = sourcecode.c.h; path = gsTableViewController.h; sourceTree = "<group>"; };
		4E7B26B31DE5690C00C9B130 /* gsTableViewController.m */ = {isa = PBXFileReference; fileEncoding = 4; lastKnownFileType = sourcecode.c.objc; path = gsTableViewController.m; sourceTree = "<group>"; };
		4E7B26B51DE57A3E00C9B130 /* gnTableViewController.h */ = {isa = PBXFileReference; fileEncoding = 4; lastKnownFileType = sourcecode.c.h; path = gnTableViewController.h; sourceTree = "<group>"; };
		4E7B26B61DE57A3E00C9B130 /* gnTableViewController.m */ = {isa = PBXFileReference; fileEncoding = 4; lastKnownFileType = sourcecode.c.objc; path = gnTableViewController.m; sourceTree = "<group>"; };
		4E7B26B81DE57A5A00C9B130 /* xqTableViewController.h */ = {isa = PBXFileReference; fileEncoding = 4; lastKnownFileType = sourcecode.c.h; path = xqTableViewController.h; sourceTree = "<group>"; };
		4E7B26B91DE57A5A00C9B130 /* xqTableViewController.m */ = {isa = PBXFileReference; fileEncoding = 4; lastKnownFileType = sourcecode.c.objc; path = xqTableViewController.m; sourceTree = "<group>"; };
		4E7B26BB1DE5956400C9B130 /* AddViewController.h */ = {isa = PBXFileReference; fileEncoding = 4; lastKnownFileType = sourcecode.c.h; path = AddViewController.h; sourceTree = "<group>"; };
		4E7B26BC1DE5956400C9B130 /* AddViewController.m */ = {isa = PBXFileReference; fileEncoding = 4; lastKnownFileType = sourcecode.c.objc; path = AddViewController.m; sourceTree = "<group>"; };
/* End PBXFileReference section */

/* Begin PBXFrameworksBuildPhase section */
		4E7B26791DE53F9200C9B130 /* Frameworks */ = {
			isa = PBXFrameworksBuildPhase;
			buildActionMask = 2147483647;
			files = (
				4E39601E1DED11E300B7267E /* libsqlite3.tbd in Frameworks */,
			);
			runOnlyForDeploymentPostprocessing = 0;
		};
		4E7B26921DE53F9300C9B130 /* Frameworks */ = {
			isa = PBXFrameworksBuildPhase;
			buildActionMask = 2147483647;
			files = (
			);
			runOnlyForDeploymentPostprocessing = 0;
		};
		4E7B269D1DE53F9300C9B130 /* Frameworks */ = {
			isa = PBXFrameworksBuildPhase;
			buildActionMask = 2147483647;
			files = (
			);
			runOnlyForDeploymentPostprocessing = 0;
		};
/* End PBXFrameworksBuildPhase section */

/* Begin PBXGroup section */
		4E3960091DED0D4E00B7267E /* FMDB */ = {
			isa = PBXGroup;
			children = (
				4E39600A1DED0D6200B7267E /* FMDatabase.h */,
				4E39600B1DED0D6200B7267E /* FMDatabase.m */,
				4E39600C1DED0D6200B7267E /* FMDatabaseAdditions.h */,
				4E39600D1DED0D6200B7267E /* FMDatabaseAdditions.m */,
				4E39600E1DED0D6200B7267E /* FMDatabasePool.h */,
				4E39600F1DED0D6200B7267E /* FMDatabasePool.m */,
				4E3960101DED0D6200B7267E /* FMDatabaseQueue.h */,
				4E3960111DED0D6200B7267E /* FMDatabaseQueue.m */,
				4E3960121DED0D6200B7267E /* FMDB.h */,
				4E3960131DED0D6200B7267E /* FMResultSet.h */,
				4E3960141DED0D6200B7267E /* FMResultSet.m */,
			);
			name = FMDB;
			sourceTree = "<group>";
		};
		4E39601A1DED11C400B7267E /* Frameworks */ = {
			isa = PBXGroup;
			children = (
				4E39601D1DED11E300B7267E /* libsqlite3.tbd */,
				4E39601B1DED11C400B7267E /* libsqlite3.0.tbd */,
			);
			name = Frameworks;
			sourceTree = "<group>";
		};
		4E3960221DED187B00B7267E /* Model */ = {
			isa = PBXGroup;
			children = (
				4E3960231DED18D700B7267E /* CompanyModel.h */,
				4E3960241DED18D700B7267E /* CompanyModel.m */,
				4E3960261DED193C00B7267E /* GNModel.h */,
				4E3960271DED193C00B7267E /* GNModel.m */,
				4E3960291DED195A00B7267E /* XQModel.h */,
				4E39602A1DED195A00B7267E /* XQModel.m */,
			);
			name = Model;
			sourceTree = "<group>";
		};
		4E7B26731DE53F9200C9B130 = {
			isa = PBXGroup;
			children = (
				4E7B267E1DE53F9200C9B130 /* IC数据管理 */,
				4E7B26981DE53F9300C9B130 /* IC数据管理Tests */,
				4E7B26A31DE53F9300C9B130 /* IC数据管理UITests */,
				4E7B267D1DE53F9200C9B130 /* Products */,
				4E39601A1DED11C400B7267E /* Frameworks */,
			);
			sourceTree = "<group>";
		};
		4E7B267D1DE53F9200C9B130 /* Products */ = {
			isa = PBXGroup;
			children = (
				4E7B267C1DE53F9200C9B130 /* IC数据管理.app */,
				4E7B26951DE53F9300C9B130 /* IC数据管理Tests.xctest */,
				4E7B26A01DE53F9300C9B130 /* IC数据管理UITests.xctest */,
			);
			name = Products;
			sourceTree = "<group>";
		};
		4E7B267E1DE53F9200C9B130 /* IC数据管理 */ = {
			isa = PBXGroup;
			children = (
				4E3960221DED187B00B7267E /* Model */,
				4E3960091DED0D4E00B7267E /* FMDB */,
				4E39601F1DED148400B7267E /* DataBase.h */,
				4E3960201DED148400B7267E /* DataBase.m */,
				4E7B26821DE53F9200C9B130 /* AppDelegate.h */,
				4E7B26831DE53F9200C9B130 /* AppDelegate.m */,
				4E7B26B21DE5690C00C9B130 /* gsTableViewController.h */,
				4E7B26B31DE5690C00C9B130 /* gsTableViewController.m */,
				4E7B26B51DE57A3E00C9B130 /* gnTableViewController.h */,
				4E7B26B61DE57A3E00C9B130 /* gnTableViewController.m */,
				4E7B26B81DE57A5A00C9B130 /* xqTableViewController.h */,
				4E7B26B91DE57A5A00C9B130 /* xqTableViewController.m */,
				4E7B26BB1DE5956400C9B130 /* AddViewController.h */,
				4E7B26BC1DE5956400C9B130 /* AddViewController.m */,
				4E1419E31DED763900AC33A3 /* PrefixHeader.pch */,
				4E7B26881DE53F9200C9B130 /* Main.storyboard */,
				4E7B268B1DE53F9200C9B130 /* Assets.xcassets */,
				4E7B268D1DE53F9300C9B130 /* LaunchScreen.storyboard */,
				4E7B26901DE53F9300C9B130 /* Info.plist */,
				4E7B267F1DE53F9200C9B130 /* Supporting Files */,
			);
			path = "IC数据管理";
			sourceTree = "<group>";
		};
		4E7B267F1DE53F9200C9B130 /* Supporting Files */ = {
			isa = PBXGroup;
			children = (
				4E7B26801DE53F9200C9B130 /* main.m */,
			);
			name = "Supporting Files";
			sourceTree = "<group>";
		};
		4E7B26981DE53F9300C9B130 /* IC数据管理Tests */ = {
			isa = PBXGroup;
			children = (
				4E7B26991DE53F9300C9B130 /* IC____Tests.m */,
				4E7B269B1DE53F9300C9B130 /* Info.plist */,
			);
			path = "IC数据管理Tests";
			sourceTree = "<group>";
		};
		4E7B26A31DE53F9300C9B130 /* IC数据管理UITests */ = {
			isa = PBXGroup;
			children = (
				4E7B26A41DE53F9300C9B130 /* IC____UITests.m */,
				4E7B26A61DE53F9300C9B130 /* Info.plist */,
			);
			path = "IC数据管理UITests";
			sourceTree = "<group>";
		};
/* End PBXGroup section */

/* Begin PBXNativeTarget section */
		4E7B267B1DE53F9200C9B130 /* IC数据管理 */ = {
			isa = PBXNativeTarget;
			buildConfigurationList = 4E7B26A91DE53F9300C9B130 /* Build configuration list for PBXNativeTarget "IC数据管理" */;
			buildPhases = (
				4E7B26781DE53F9200C9B130 /* Sources */,
				4E7B26791DE53F9200C9B130 /* Frameworks */,
				4E7B267A1DE53F9200C9B130 /* Resources */,
			);
			buildRules = (
			);
			dependencies = (
			);
			name = "IC数据管理";
			productName = "IC数据管理";
			productReference = 4E7B267C1DE53F9200C9B130 /* IC数据管理.app */;
			productType = "com.apple.product-type.application";
		};
		4E7B26941DE53F9300C9B130 /* IC数据管理Tests */ = {
			isa = PBXNativeTarget;
			buildConfigurationList = 4E7B26AC1DE53F9300C9B130 /* Build configuration list for PBXNativeTarget "IC数据管理Tests" */;
			buildPhases = (
				4E7B26911DE53F9300C9B130 /* Sources */,
				4E7B26921DE53F9300C9B130 /* Frameworks */,
				4E7B26931DE53F9300C9B130 /* Resources */,
			);
			buildRules = (
			);
			dependencies = (
				4E7B26971DE53F9300C9B130 /* PBXTargetDependency */,
			);
			name = "IC数据管理Tests";
			productName = "IC数据管理Tests";
			productReference = 4E7B26951DE53F9300C9B130 /* IC数据管理Tests.xctest */;
			productType = "com.apple.product-type.bundle.unit-test";
		};
		4E7B269F1DE53F9300C9B130 /* IC数据管理UITests */ = {
			isa = PBXNativeTarget;
			buildConfigurationList = 4E7B26AF1DE53F9300C9B130 /* Build configuration list for PBXNativeTarget "IC数据管理UITests" */;
			buildPhases = (
				4E7B269C1DE53F9300C9B130 /* Sources */,
				4E7B269D1DE53F9300C9B130 /* Frameworks */,
				4E7B269E1DE53F9300C9B130 /* Resources */,
			);
			buildRules = (
			);
			dependencies = (
				4E7B26A21DE53F9300C9B130 /* PBXTargetDependency */,
			);
			name = "IC数据管理UITests";
			productName = "IC数据管理UITests";
			productReference = 4E7B26A01DE53F9300C9B130 /* IC数据管理UITests.xctest */;
			productType = "com.apple.product-type.bundle.ui-testing";
		};
/* End PBXNativeTarget section */

/* Begin PBXProject section */
		4E7B26741DE53F9200C9B130 /* Project object */ = {
			isa = PBXProject;
			attributes = {
				LastUpgradeCheck = 0810;
				ORGANIZATIONNAME = zzj;
				TargetAttributes = {
					4E7B267B1DE53F9200C9B130 = {
						CreatedOnToolsVersion = 8.1;
						DevelopmentTeam = 52WX9U2D77;
						ProvisioningStyle = Automatic;
					};
					4E7B26941DE53F9300C9B130 = {
						CreatedOnToolsVersion = 8.1;
						DevelopmentTeam = 52WX9U2D77;
						ProvisioningStyle = Automatic;
						TestTargetID = 4E7B267B1DE53F9200C9B130;
					};
					4E7B269F1DE53F9300C9B130 = {
						CreatedOnToolsVersion = 8.1;
						DevelopmentTeam = 52WX9U2D77;
						ProvisioningStyle = Automatic;
						TestTargetID = 4E7B267B1DE53F9200C9B130;
					};
				};
			};
			buildConfigurationList = 4E7B26771DE53F9200C9B130 /* Build configuration list for PBXProject "IC数据管理" */;
			compatibilityVersion = "Xcode 3.2";
			developmentRegion = English;
			hasScannedForEncodings = 0;
			knownRegions = (
				en,
				Base,
			);
			mainGroup = 4E7B26731DE53F9200C9B130;
			productRefGroup = 4E7B267D1DE53F9200C9B130 /* Products */;
			projectDirPath = "";
			projectRoot = "";
			targets = (
				4E7B267B1DE53F9200C9B130 /* IC数据管理 */,
				4E7B26941DE53F9300C9B130 /* IC数据管理Tests */,
				4E7B269F1DE53F9300C9B130 /* IC数据管理UITests */,
			);
		};
/* End PBXProject section */

/* Begin PBXResourcesBuildPhase section */
		4E7B267A1DE53F9200C9B130 /* Resources */ = {
			isa = PBXResourcesBuildPhase;
			buildActionMask = 2147483647;
			files = (
				4E7B268F1DE53F9300C9B130 /* LaunchScreen.storyboard in Resources */,
				4E7B268C1DE53F9200C9B130 /* Assets.xcassets in Resources */,
				4E7B268A1DE53F9200C9B130 /* Main.storyboard in Resources */,
			);
			runOnlyForDeploymentPostprocessing = 0;
		};
		4E7B26931DE53F9300C9B130 /* Resources */ = {
			isa = PBXResourcesBuildPhase;
			buildActionMask = 2147483647;
			files = (
			);
			runOnlyForDeploymentPostprocessing = 0;
		};
		4E7B269E1DE53F9300C9B130 /* Resources */ = {
			isa = PBXResourcesBuildPhase;
			buildActionMask = 2147483647;
			files = (
			);
			runOnlyForDeploymentPostprocessing = 0;
		};
/* End PBXResourcesBuildPhase section */

/* Begin PBXSourcesBuildPhase section */
		4E7B26781DE53F9200C9B130 /* Sources */ = {
			isa = PBXSourcesBuildPhase;
			buildActionMask = 2147483647;
			files = (
				4E7B26841DE53F9200C9B130 /* AppDelegate.m in Sources */,
				4E7B26811DE53F9200C9B130 /* main.m in Sources */,
				4E3960211DED148400B7267E /* DataBase.m in Sources */,
				4E7B26BD1DE5956400C9B130 /* AddViewController.m in Sources */,
				4E3960151DED0D6200B7267E /* FMDatabase.m in Sources */,
				4E3960171DED0D6200B7267E /* FMDatabasePool.m in Sources */,
				4E3960181DED0D6200B7267E /* FMDatabaseQueue.m in Sources */,
				4E39602B1DED195A00B7267E /* XQModel.m in Sources */,
				4E7B26B71DE57A3E00C9B130 /* gnTableViewController.m in Sources */,
				4E7B26B41DE5690C00C9B130 /* gsTableViewController.m in Sources */,
				4E3960191DED0D6200B7267E /* FMResultSet.m in Sources */,
				4E7B26BA1DE57A5A00C9B130 /* xqTableViewController.m in Sources */,
				4E3960251DED18D700B7267E /* CompanyModel.m in Sources */,
				4E3960281DED193C00B7267E /* GNModel.m in Sources */,
				4E3960161DED0D6200B7267E /* FMDatabaseAdditions.m in Sources */,
			);
			runOnlyForDeploymentPostprocessing = 0;
		};
		4E7B26911DE53F9300C9B130 /* Sources */ = {
			isa = PBXSourcesBuildPhase;
			buildActionMask = 2147483647;
			files = (
				4E7B269A1DE53F9300C9B130 /* IC____Tests.m in Sources */,
			);
			runOnlyForDeploymentPostprocessing = 0;
		};
		4E7B269C1DE53F9300C9B130 /* Sources */ = {
			isa = PBXSourcesBuildPhase;
			buildActionMask = 2147483647;
			files = (
				4E7B26A51DE53F9300C9B130 /* IC____UITests.m in Sources */,
			);
			runOnlyForDeploymentPostprocessing = 0;
		};
/* End PBXSourcesBuildPhase section */

/* Begin PBXTargetDependency section */
		4E7B26971DE53F9300C9B130 /* PBXTargetDependency */ = {
			isa = PBXTargetDependency;
			target = 4E7B267B1DE53F9200C9B130 /* IC数据管理 */;
			targetProxy = 4E7B26961DE53F9300C9B130 /* PBXContainerItemProxy */;
		};
		4E7B26A21DE53F9300C9B130 /* PBXTargetDependency */ = {
			isa = PBXTargetDependency;
			target = 4E7B267B1DE53F9200C9B130 /* IC数据管理 */;
			targetProxy = 4E7B26A11DE53F9300C9B130 /* PBXContainerItemProxy */;
		};
/* End PBXTargetDependency section */

/* Begin PBXVariantGroup section */
		4E7B26881DE53F9200C9B130 /* Main.storyboard */ = {
			isa = PBXVariantGroup;
			children = (
				4E7B26891DE53F9200C9B130 /* Base */,
			);
			name = Main.storyboard;
			sourceTree = "<group>";
		};
		4E7B268D1DE53F9300C9B130 /* LaunchScreen.storyboard */ = {
			isa = PBXVariantGroup;
			children = (
				4E7B268E1DE53F9300C9B130 /* Base */,
			);
			name = LaunchScreen.storyboard;
			sourceTree = "<group>";
		};
/* End PBXVariantGroup section */

/* Begin XCBuildConfiguration section */
		4E7B26A71DE53F9300C9B130 /* Debug */ = {
			isa = XCBuildConfiguration;
			buildSettings = {
				ALWAYS_SEARCH_USER_PATHS = NO;
				CLANG_ANALYZER_NONNULL = YES;
				CLANG_CXX_LANGUAGE_STANDARD = "gnu++0x";
				CLANG_CXX_LIBRARY = "libc++";
				CLANG_ENABLE_MODULES = YES;
				CLANG_ENABLE_OBJC_ARC = YES;
				CLANG_WARN_BOOL_CONVERSION = YES;
				CLANG_WARN_CONSTANT_CONVERSION = YES;
				CLANG_WARN_DIRECT_OBJC_ISA_USAGE = YES_ERROR;
				CLANG_WARN_DOCUMENTATION_COMMENTS = YES;
				CLANG_WARN_EMPTY_BODY = YES;
				CLANG_WARN_ENUM_CONVERSION = YES;
				CLANG_WARN_INFINITE_RECURSION = YES;
				CLANG_WARN_INT_CONVERSION = YES;
				CLANG_WARN_OBJC_ROOT_CLASS = YES_ERROR;
				CLANG_WARN_SUSPICIOUS_MOVES = YES;
				CLANG_WARN_UNREACHABLE_CODE = YES;
				CLANG_WARN__DUPLICATE_METHOD_MATCH = YES;
				"CODE_SIGN_IDENTITY[sdk=iphoneos*]" = "iPhone Developer";
				COPY_PHASE_STRIP = NO;
				DEBUG_INFORMATION_FORMAT = dwarf;
				ENABLE_STRICT_OBJC_MSGSEND = YES;
				ENABLE_TESTABILITY = YES;
				GCC_C_LANGUAGE_STANDARD = gnu99;
				GCC_DYNAMIC_NO_PIC = NO;
				GCC_NO_COMMON_BLOCKS = YES;
				GCC_OPTIMIZATION_LEVEL = 0;
				GCC_PREPROCESSOR_DEFINITIONS = (
					"DEBUG=1",
					"$(inherited)",
				);
				GCC_WARN_64_TO_32_BIT_CONVERSION = YES;
				GCC_WARN_ABOUT_RETURN_TYPE = YES_ERROR;
				GCC_WARN_UNDECLARED_SELECTOR = YES;
				GCC_WARN_UNINITIALIZED_AUTOS = YES_AGGRESSIVE;
				GCC_WARN_UNUSED_FUNCTION = YES;
				GCC_WARN_UNUSED_VARIABLE = YES;
				IPHONEOS_DEPLOYMENT_TARGET = 10.1;
				MTL_ENABLE_DEBUG_INFO = YES;
				ONLY_ACTIVE_ARCH = YES;
				SDKROOT = iphoneos;
				TARGETED_DEVICE_FAMILY = "1,2";
			};
			name = Debug;
		};
		4E7B26A81DE53F9300C9B130 /* Release */ = {
			isa = XCBuildConfiguration;
			buildSettings = {
				ALWAYS_SEARCH_USER_PATHS = NO;
				CLANG_ANALYZER_NONNULL = YES;
				CLANG_CXX_LANGUAGE_STANDARD = "gnu++0x";
				CLANG_CXX_LIBRARY = "libc++";
				CLANG_ENABLE_MODULES = YES;
				CLANG_ENABLE_OBJC_ARC = YES;
				CLANG_WARN_BOOL_CONVERSION = YES;
				CLANG_WARN_CONSTANT_CONVERSION = YES;
				CLANG_WARN_DIRECT_OBJC_ISA_USAGE = YES_ERROR;
				CLANG_WARN_DOCUMENTATION_COMMENTS = YES;
				CLANG_WARN_EMPTY_BODY = YES;
				CLANG_WARN_ENUM_CONVERSION = YES;
				CLANG_WARN_INFINITE_RECURSION = YES;
				CLANG_WARN_INT_CONVERSION = YES;
				CLANG_WARN_OBJC_ROOT_CLASS = YES_ERROR;
				CLANG_WARN_SUSPICIOUS_MOVES = YES;
				CLANG_WARN_UNREACHABLE_CODE = YES;
				CLANG_WARN__DUPLICATE_METHOD_MATCH = YES;
				"CODE_SIGN_IDENTITY[sdk=iphoneos*]" = "iPhone Developer";
				COPY_PHASE_STRIP = NO;
				DEBUG_INFORMATION_FORMAT = "dwarf-with-dsym";
				ENABLE_NS_ASSERTIONS = NO;
				ENABLE_STRICT_OBJC_MSGSEND = YES;
				GCC_C_LANGUAGE_STANDARD = gnu99;
				GCC_NO_COMMON_BLOCKS = YES;
				GCC_WARN_64_TO_32_BIT_CONVERSION = YES;
				GCC_WARN_ABOUT_RETURN_TYPE = YES_ERROR;
				GCC_WARN_UNDECLARED_SELECTOR = YES;
				GCC_WARN_UNINITIALIZED_AUTOS = YES_AGGRESSIVE;
				GCC_WARN_UNUSED_FUNCTION = YES;
				GCC_WARN_UNUSED_VARIABLE = YES;
				IPHONEOS_DEPLOYMENT_TARGET = 10.1;
				MTL_ENABLE_DEBUG_INFO = NO;
				SDKROOT = iphoneos;
				TARGETED_DEVICE_FAMILY = "1,2";
				VALIDATE_PRODUCT = YES;
			};
			name = Release;
		};
		4E7B26AA1DE53F9300C9B130 /* Debug */ = {
			isa = XCBuildConfiguration;
			buildSettings = {
				ASSETCATALOG_COMPILER_APPICON_NAME = AppIcon;
				DEVELOPMENT_TEAM = 52WX9U2D77;
				GCC_PRECOMPILE_PREFIX_HEADER = YES;
				GCC_PREFIX_HEADER = "/Users/iknet/Desktop/开源项目/IC数据管理/IC数据管理/PrefixHeader.pch";
				INFOPLIST_FILE = "IC数据管理/Info.plist";
				IPHONEOS_DEPLOYMENT_TARGET = 8.4;
				LD_RUNPATH_SEARCH_PATHS = "$(inherited) @executable_path/Frameworks";
				PRODUCT_BUNDLE_IDENTIFIER = "com.zzj.IC----";
				PRODUCT_NAME = "$(TARGET_NAME)";
				TARGETED_DEVICE_FAMILY = "1,2";
			};
			name = Debug;
		};
		4E7B26AB1DE53F9300C9B130 /* Release */ = {
			isa = XCBuildConfiguration;
			buildSettings = {
				ASSETCATALOG_COMPILER_APPICON_NAME = AppIcon;
				DEVELOPMENT_TEAM = 52WX9U2D77;
				GCC_PRECOMPILE_PREFIX_HEADER = YES;
				GCC_PREFIX_HEADER = "/Users/iknet/Desktop/开源项目/IC数据管理/IC数据管理/PrefixHeader.pch";
				INFOPLIST_FILE = "IC数据管理/Info.plist";
				IPHONEOS_DEPLOYMENT_TARGET = 8.4;
				LD_RUNPATH_SEARCH_PATHS = "$(inherited) @executable_path/Frameworks";
				PRODUCT_BUNDLE_IDENTIFIER = "com.zzj.IC----";
				PRODUCT_NAME = "$(TARGET_NAME)";
				TARGETED_DEVICE_FAMILY = "1,2";
			};
			name = Release;
		};
		4E7B26AD1DE53F9300C9B130 /* Debug */ = {
			isa = XCBuildConfiguration;
			buildSettings = {
				BUNDLE_LOADER = "$(TEST_HOST)";
				DEVELOPMENT_TEAM = 52WX9U2D77;
				INFOPLIST_FILE = "IC数据管理Tests/Info.plist";
				LD_RUNPATH_SEARCH_PATHS = "$(inherited) @executable_path/Frameworks @loader_path/Frameworks";
				PRODUCT_BUNDLE_IDENTIFIER = "com.zzj.IC----Tests";
				PRODUCT_NAME = "$(TARGET_NAME)";
				TEST_HOST = "$(BUILT_PRODUCTS_DIR)/IC数据管理.app/IC数据管理";
			};
			name = Debug;
		};
		4E7B26AE1DE53F9300C9B130 /* Release */ = {
			isa = XCBuildConfiguration;
			buildSettings = {
				BUNDLE_LOADER = "$(TEST_HOST)";
				DEVELOPMENT_TEAM = 52WX9U2D77;
				INFOPLIST_FILE = "IC数据管理Tests/Info.plist";
				LD_RUNPATH_SEARCH_PATHS = "$(inherited) @executable_path/Frameworks @loader_path/Frameworks";
				PRODUCT_BUNDLE_IDENTIFIER = "com.zzj.IC----Tests";
				PRODUCT_NAME = "$(TARGET_NAME)";
				TEST_HOST = "$(BUILT_PRODUCTS_DIR)/IC数据管理.app/IC数据管理";
			};
			name = Release;
		};
		4E7B26B01DE53F9300C9B130 /* Debug */ = {
			isa = XCBuildConfiguration;
			buildSettings = {
				DEVELOPMENT_TEAM = 52WX9U2D77;
				INFOPLIST_FILE = "IC数据管理UITests/Info.plist";
				LD_RUNPATH_SEARCH_PATHS = "$(inherited) @executable_path/Frameworks @loader_path/Frameworks";
				PRODUCT_BUNDLE_IDENTIFIER = "com.zzj.IC----UITests";
				PRODUCT_NAME = "$(TARGET_NAME)";
				TEST_TARGET_NAME = "IC数据管理";
			};
			name = Debug;
		};
		4E7B26B11DE53F9300C9B130 /* Release */ = {
			isa = XCBuildConfiguration;
			buildSettings = {
				DEVELOPMENT_TEAM = 52WX9U2D77;
				INFOPLIST_FILE = "IC数据管理UITests/Info.plist";
				LD_RUNPATH_SEARCH_PATHS = "$(inherited) @executable_path/Frameworks @loader_path/Frameworks";
				PRODUCT_BUNDLE_IDENTIFIER = "com.zzj.IC----UITests";
				PRODUCT_NAME = "$(TARGET_NAME)";
				TEST_TARGET_NAME = "IC数据管理";
			};
			name = Release;
		};
/* End XCBuildConfiguration section */

/* Begin XCConfigurationList section */
		4E7B26771DE53F9200C9B130 /* Build configuration list for PBXProject "IC数据管理" */ = {
			isa = XCConfigurationList;
			buildConfigurations = (
				4E7B26A71DE53F9300C9B130 /* Debug */,
				4E7B26A81DE53F9300C9B130 /* Release */,
			);
			defaultConfigurationIsVisible = 0;
			defaultConfigurationName = Release;
		};
		4E7B26A91DE53F9300C9B130 /* Build configuration list for PBXNativeTarget "IC数据管理" */ = {
			isa = XCConfigurationList;
			buildConfigurations = (
				4E7B26AA1DE53F9300C9B130 /* Debug */,
				4E7B26AB1DE53F9300C9B130 /* Release */,
			);
			defaultConfigurationIsVisible = 0;
			defaultConfigurationName = Release;
		};
		4E7B26AC1DE53F9300C9B130 /* Build configuration list for PBXNativeTarget "IC数据管理Tests" */ = {
			isa = XCConfigurationList;
			buildConfigurations = (
				4E7B26AD1DE53F9300C9B130 /* Debug */,
				4E7B26AE1DE53F9300C9B130 /* Release */,
			);
			defaultConfigurationIsVisible = 0;
			defaultConfigurationName = Release;
		};
		4E7B26AF1DE53F9300C9B130 /* Build configuration list for PBXNativeTarget "IC数据管理UITests" */ = {
			isa = XCConfigurationList;
			buildConfigurations = (
				4E7B26B01DE53F9300C9B130 /* Debug */,
				4E7B26B11DE53F9300C9B130 /* Release */,
			);
			defaultConfigurationIsVisible = 0;
			defaultConfigurationName = Release;
		};
/* End XCConfigurationList section */
	};
	rootObject = 4E7B26741DE53F9200C9B130 /* Project object */;
}
